
Microsoft Visual Studio Solution File, Format Version 12.00
Project("{FAE04EC0-301F-11D3-BF4B-00C04F79EFBC}") = "Eshop.API", "Eshop.API\Eshop.API.csproj", "{12353427-572C-490E-97B3-C9C64CE0AB3A}"
EndProject
Project("{FAE04EC0-301F-11D3-BF4B-00C04F79EFBC}") = "Eshop.DAL", "Eshop.DAL\Eshop.DAL.csproj", "{1AC749CB-8B71-4880-990D-F18393E84FF7}"
EndProject
Global
	GlobalSection(SolutionConfigurationPlatforms) = preSolution
		Debug|Any CPU = Debug|Any CPU
		Release|Any CPU = Release|Any CPU
	EndGlobalSection
	GlobalSection(ProjectConfigurationPlatforms) = postSolution
		{12353427-572C-490E-97B3-C9C64CE0AB3A}.Debug|Any CPU.ActiveCfg = Debug|Any CPU
		{12353427-572C-490E-97B3-C9C64CE0AB3A}.Debug|Any CPU.Build.0 = Debug|Any CPU
		{12353427-572C-490E-97B3-C9C64CE0AB3A}.Release|Any CPU.ActiveCfg = Release|Any CPU
		{12353427-572C-490E-97B3-C9C64CE0AB3A}.Release|Any CPU.Build.0 = Release|Any CPU
		{1AC749CB-8B71-4880-990D-F18393E84FF7}.Debug|Any CPU.ActiveCfg = Debug|Any CPU
		{1AC749CB-8B71-4880-990D-F18393E84FF7}.Debug|Any CPU.Build.0 = Debug|Any CPU
		{1AC749CB-8B71-4880-990D-F18393E84FF7}.Release|Any CPU.ActiveCfg = Release|Any CPU
		{1AC749CB-8B71-4880-990D-F18393E84FF7}.Release|Any CPU.Build.0 = Release|Any CPU
	EndGlobalSection
EndGlobal
