
Microsoft Visual Studio Solution File, Format Version 12.00
Project("{FAE04EC0-301F-11D3-BF4B-00C04F79EFBC}") = "WebAPI", "WebAPI\WebAPI.csproj", "{12353427-572C-490E-97B3-C9C64CE0AB3A}"
EndProject
Project("{FAE04EC0-301F-11D3-BF4B-00C04F79EFBC}") = "App.DAL", "App.DAL\App.DAL.csproj", "{63D69F32-B40B-44A1-8324-D6ED45B792EA}"
EndProject
Project("{FAE04EC0-301F-11D3-BF4B-00C04F79EFBC}") = "EFDb", "EFDb\EFDb.csproj", "{1AC749CB-8B71-4880-990D-F18393E84FF7}"
EndProject
Project("{FAE04EC0-301F-11D3-BF4B-00C04F79EFBC}") = "CommonDbProperties", "CommonDbProperties\CommonDbProperties.csproj", "{293C395C-7EE3-46CE-BD3C-62F3056ABBF2}"
EndProject
Project("{FAE04EC0-301F-11D3-BF4B-00C04F79EFBC}") = "App.API", "App.API\App.API.csproj", "{C9EA4E8E-CD35-499B-BC11-981B8DE1B4DB}"
EndProject
Global
	GlobalSection(SolutionConfigurationPlatforms) = preSolution
		Debug|Any CPU = Debug|Any CPU
		Release|Any CPU = Release|Any CPU
	EndGlobalSection
	GlobalSection(ProjectConfigurationPlatforms) = postSolution
		{12353427-572C-490E-97B3-C9C64CE0AB3A}.Debug|Any CPU.ActiveCfg = Debug|Any CPU
		{12353427-572C-490E-97B3-C9C64CE0AB3A}.Debug|Any CPU.Build.0 = Debug|Any CPU
		{12353427-572C-490E-97B3-C9C64CE0AB3A}.Release|Any CPU.ActiveCfg = Release|Any CPU
		{12353427-572C-490E-97B3-C9C64CE0AB3A}.Release|Any CPU.Build.0 = Release|Any CPU
		{63D69F32-B40B-44A1-8324-D6ED45B792EA}.Debug|Any CPU.ActiveCfg = Debug|Any CPU
		{63D69F32-B40B-44A1-8324-D6ED45B792EA}.Debug|Any CPU.Build.0 = Debug|Any CPU
		{63D69F32-B40B-44A1-8324-D6ED45B792EA}.Release|Any CPU.ActiveCfg = Release|Any CPU
		{63D69F32-B40B-44A1-8324-D6ED45B792EA}.Release|Any CPU.Build.0 = Release|Any CPU
		{1AC749CB-8B71-4880-990D-F18393E84FF7}.Debug|Any CPU.ActiveCfg = Debug|Any CPU
		{1AC749CB-8B71-4880-990D-F18393E84FF7}.Debug|Any CPU.Build.0 = Debug|Any CPU
		{1AC749CB-8B71-4880-990D-F18393E84FF7}.Release|Any CPU.ActiveCfg = Release|Any CPU
		{1AC749CB-8B71-4880-990D-F18393E84FF7}.Release|Any CPU.Build.0 = Release|Any CPU
		{293C395C-7EE3-46CE-BD3C-62F3056ABBF2}.Debug|Any CPU.ActiveCfg = Debug|Any CPU
		{293C395C-7EE3-46CE-BD3C-62F3056ABBF2}.Debug|Any CPU.Build.0 = Debug|Any CPU
		{293C395C-7EE3-46CE-BD3C-62F3056ABBF2}.Release|Any CPU.ActiveCfg = Release|Any CPU
		{293C395C-7EE3-46CE-BD3C-62F3056ABBF2}.Release|Any CPU.Build.0 = Release|Any CPU
		{C9EA4E8E-CD35-499B-BC11-981B8DE1B4DB}.Debug|Any CPU.ActiveCfg = Debug|Any CPU
		{C9EA4E8E-CD35-499B-BC11-981B8DE1B4DB}.Debug|Any CPU.Build.0 = Debug|Any CPU
		{C9EA4E8E-CD35-499B-BC11-981B8DE1B4DB}.Release|Any CPU.ActiveCfg = Release|Any CPU
		{C9EA4E8E-CD35-499B-BC11-981B8DE1B4DB}.Release|Any CPU.Build.0 = Release|Any CPU
	EndGlobalSection
EndGlobal
